// !$*UTF8*$!
{
	archiveVersion = 1;
	classes = {
	};
	objectVersion = 77;
	objects = {

/* Begin PBXBuildFile section */
		1ECD26D22E66F093009478D7 /* Assets.xcassets in Resources */ = {isa = PBXBuildFile; fileRef = 1ECD26D12E66F093009478D7 /* Assets.xcassets */; };
		1ECD26F62E66F2C6009478D7 /* Splash Screen.swift in Sources */ = {isa = PBXBuildFile; fileRef = 1ECD26F52E66F2C6009478D7 /* Splash Screen.swift */; };
		1ECD26F82E66F2CF009478D7 /* Onboarding.swift in Sources */ = {isa = PBXBuildFile; fileRef = 1ECD26F72E66F2CF009478D7 /* Onboarding.swift */; };
		1ECD26FC2E66F2E7009478D7 /* LoadingRecipesPage.swift in Sources */ = {isa = PBXBuildFile; fileRef = 1ECD26FB2E66F2E7009478D7 /* LoadingRecipesPage.swift */; };
		1ECD26FE2E66F2F1009478D7 /* Make it .swift in Sources */ = {isa = PBXBuildFile; fileRef = 1ECD26FD2E66F2F1009478D7 /* Make it .swift */; };
		1ECD27002E66F2F8009478D7 /* RecipeFromAi.swift in Sources */ = {isa = PBXBuildFile; fileRef = 1ECD26FF2E66F2F8009478D7 /* RecipeFromAi.swift */; };
		1ECD27022E66F2FD009478D7 /* ingredientsPaje.swift in Sources */ = {isa = PBXBuildFile; fileRef = 1ECD27012E66F2FD009478D7 /* ingredientsPaje.swift */; };
		1ECD27042E66F309009478D7 /* CategorysPage.swift in Sources */ = {isa = PBXBuildFile; fileRef = 1ECD27032E66F309009478D7 /* CategorysPage.swift */; };
		1ECD270A2E66F4AF009478D7 /* ChatGPTService.swift in Sources */ = {isa = PBXBuildFile; fileRef = 1ECD27092E66F4AF009478D7 /* ChatGPTService.swift */; };
		1ECD270C2E66F4B2009478D7 /* KPILogger.swift in Sources */ = {isa = PBXBuildFile; fileRef = 1ECD270B2E66F4B2009478D7 /* KPILogger.swift */; };
		1ECD270E2E66F4B9009478D7 /* APIService.swift in Sources */ = {isa = PBXBuildFile; fileRef = 1ECD270D2E66F4B9009478D7 /* APIService.swift */; };
		1ECD27122E66FDA0009478D7 /* demoVideo.mp4 in Resources */ = {isa = PBXBuildFile; fileRef = 1ECD27112E66FDA0009478D7 /* demoVideo.mp4 */; };
		1ECD27142E66FDA5009478D7 /* demoVideo2.mp4 in Resources */ = {isa = PBXBuildFile; fileRef = 1ECD27132E66FDA5009478D7 /* demoVideo2.mp4 */; };
		1ECD27172E66FDF0009478D7 /* Helpers.swift .swift in Sources */ = {isa = PBXBuildFile; fileRef = 1ECD27162E66FDF0009478D7 /* Helpers.swift .swift */; };
		1ECD271F2E66FEEF009478D7 /* Splash Screen.swift in Sources */ = {isa = PBXBuildFile; fileRef = 1ECD26F52E66F2C6009478D7 /* Splash Screen.swift */; };
		1ECD27202E66FEFA009478D7 /* Onboarding.swift in Sources */ = {isa = PBXBuildFile; fileRef = 1ECD26F72E66F2CF009478D7 /* Onboarding.swift */; };
		1ECD27212E66FF00009478D7 /* Make it .swift in Sources */ = {isa = PBXBuildFile; fileRef = 1ECD26FD2E66F2F1009478D7 /* Make it .swift */; };
		1ECD27222E66FF07009478D7 /* LoadingRecipesPage.swift in Sources */ = {isa = PBXBuildFile; fileRef = 1ECD26FB2E66F2E7009478D7 /* LoadingRecipesPage.swift */; };
		1ECD27232E66FF0C009478D7 /* ingredientsPaje.swift in Sources */ = {isa = PBXBuildFile; fileRef = 1ECD27012E66F2FD009478D7 /* ingredientsPaje.swift */; };
		1ECD27242E66FF13009478D7 /* CategorysPage.swift in Sources */ = {isa = PBXBuildFile; fileRef = 1ECD27032E66F309009478D7 /* CategorysPage.swift */; };
		1ECD27252E66FF18009478D7 /* RecipeFromAi.swift in Sources */ = {isa = PBXBuildFile; fileRef = 1ECD26FF2E66F2F8009478D7 /* RecipeFromAi.swift */; };
		1ECD27262E66FF21009478D7 /* APIService.swift in Sources */ = {isa = PBXBuildFile; fileRef = 1ECD270D2E66F4B9009478D7 /* APIService.swift */; };
		1ECD27272E66FF26009478D7 /* KPILogger.swift in Sources */ = {isa = PBXBuildFile; fileRef = 1ECD270B2E66F4B2009478D7 /* KPILogger.swift */; };
		1ECD27282E66FF2B009478D7 /* ChatGPTService.swift in Sources */ = {isa = PBXBuildFile; fileRef = 1ECD27092E66F4AF009478D7 /* ChatGPTService.swift */; };
		1ECD27522E69F00D009478D7 /* IngredientsStore.swift in Sources */ = {isa = PBXBuildFile; fileRef = 1ECD27512E69F00D009478D7 /* IngredientsStore.swift */; };
		1ECD27532E69F00D009478D7 /* IngredientsStore.swift in Sources */ = {isa = PBXBuildFile; fileRef = 1ECD27512E69F00D009478D7 /* IngredientsStore.swift */; };
		1ECD27692E69F154009478D7 /* IngredientsScreen.swift in Sources */ = {isa = PBXBuildFile; fileRef = 1ECD27682E69F154009478D7 /* IngredientsScreen.swift */; };
		1ECD276A2E69F154009478D7 /* IngredientsScreen.swift in Sources */ = {isa = PBXBuildFile; fileRef = 1ECD27682E69F154009478D7 /* IngredientsScreen.swift */; };
		1ECD276C2E69F2B2009478D7 /* Models:Ingredient.swift in Sources */ = {isa = PBXBuildFile; fileRef = 1ECD276B2E69F2B2009478D7 /* Models:Ingredient.swift */; };
		1ECD276D2E69F2B2009478D7 /* Models:Ingredient.swift in Sources */ = {isa = PBXBuildFile; fileRef = 1ECD276B2E69F2B2009478D7 /* Models:Ingredient.swift */; };
/* End PBXBuildFile section */

/* Begin PBXContainerItemProxy section */
		1ECD26D82E66F093009478D7 /* PBXContainerItemProxy */ = {
			isa = PBXContainerItemProxy;
			containerPortal = 1ECD26C22E66F092009478D7 /* Project object */;
			proxyType = 1;
			remoteGlobalIDString = 1ECD26C92E66F092009478D7;
			remoteInfo = MunchableApp;
		};
		1ECD26E22E66F093009478D7 /* PBXContainerItemProxy */ = {
			isa = PBXContainerItemProxy;
			containerPortal = 1ECD26C22E66F092009478D7 /* Project object */;
			proxyType = 1;
			remoteGlobalIDString = 1ECD26C92E66F092009478D7;
			remoteInfo = MunchableApp;
		};
/* End PBXContainerItemProxy section */

/* Begin PBXFileReference section */
		1ECD26CA2E66F092009478D7 /* MunchableApp.app */ = {isa = PBXFileReference; explicitFileType = wrapper.application; includeInIndex = 0; path = MunchableApp.app; sourceTree = BUILT_PRODUCTS_DIR; };
		1ECD26D12E66F093009478D7 /* Assets.xcassets */ = {isa = PBXFileReference; lastKnownFileType = folder.assetcatalog; path = Assets.xcassets; sourceTree = "<group>"; };
		1ECD26D72E66F093009478D7 /* MunchableAppTests.xctest */ = {isa = PBXFileReference; explicitFileType = wrapper.cfbundle; includeInIndex = 0; path = MunchableAppTests.xctest; sourceTree = BUILT_PRODUCTS_DIR; };
		1ECD26E12E66F093009478D7 /* MunchableAppUITests.xctest */ = {isa = PBXFileReference; explicitFileType = wrapper.cfbundle; includeInIndex = 0; path = MunchableAppUITests.xctest; sourceTree = BUILT_PRODUCTS_DIR; };
		1ECD26F52E66F2C6009478D7 /* Splash Screen.swift */ = {isa = PBXFileReference; lastKnownFileType = sourcecode.swift; path = "Splash Screen.swift"; sourceTree = "<group>"; };
		1ECD26F72E66F2CF009478D7 /* Onboarding.swift */ = {isa = PBXFileReference; lastKnownFileType = sourcecode.swift; path = Onboarding.swift; sourceTree = "<group>"; };
		1ECD26FB2E66F2E7009478D7 /* LoadingRecipesPage.swift */ = {isa = PBXFileReference; lastKnownFileType = sourcecode.swift; path = LoadingRecipesPage.swift; sourceTree = "<group>"; };
		1ECD26FD2E66F2F1009478D7 /* Make it .swift */ = {isa = PBXFileReference; lastKnownFileType = sourcecode.swift; path = "Make it .swift"; sourceTree = "<group>"; };
		1ECD26FF2E66F2F8009478D7 /* RecipeFromAi.swift */ = {isa = PBXFileReference; lastKnownFileType = sourcecode.swift; path = RecipeFromAi.swift; sourceTree = "<group>"; };
		1ECD27012E66F2FD009478D7 /* ingredientsPaje.swift */ = {isa = PBXFileReference; lastKnownFileType = sourcecode.swift; path = ingredientsPaje.swift; sourceTree = "<group>"; };
		1ECD27032E66F309009478D7 /* CategorysPage.swift */ = {isa = PBXFileReference; lastKnownFileType = sourcecode.swift; path = CategorysPage.swift; sourceTree = "<group>"; };
		1ECD27092E66F4AF009478D7 /* ChatGPTService.swift */ = {isa = PBXFileReference; lastKnownFileType = sourcecode.swift; path = ChatGPTService.swift; sourceTree = "<group>"; };
		1ECD270B2E66F4B2009478D7 /* KPILogger.swift */ = {isa = PBXFileReference; lastKnownFileType = sourcecode.swift; path = KPILogger.swift; sourceTree = "<group>"; };
		1ECD270D2E66F4B9009478D7 /* APIService.swift */ = {isa = PBXFileReference; lastKnownFileType = sourcecode.swift; path = APIService.swift; sourceTree = "<group>"; };
		1ECD27112E66FDA0009478D7 /* demoVideo.mp4 */ = {isa = PBXFileReference; lastKnownFileType = file; path = demoVideo.mp4; sourceTree = "<group>"; };
		1ECD27132E66FDA5009478D7 /* demoVideo2.mp4 */ = {isa = PBXFileReference; lastKnownFileType = file; path = demoVideo2.mp4; sourceTree = "<group>"; };
		1ECD27162E66FDF0009478D7 /* Helpers.swift .swift */ = {isa = PBXFileReference; lastKnownFileType = sourcecode.swift; path = "Helpers.swift .swift"; sourceTree = "<group>"; };
		1ECD27512E69F00D009478D7 /* IngredientsStore.swift */ = {isa = PBXFileReference; lastKnownFileType = sourcecode.swift; path = IngredientsStore.swift; sourceTree = "<group>"; };
		1ECD27682E69F154009478D7 /* IngredientsScreen.swift */ = {isa = PBXFileReference; lastKnownFileType = sourcecode.swift; path = IngredientsScreen.swift; sourceTree = "<group>"; };
		1ECD276B2E69F2B2009478D7 /* Models:Ingredient.swift */ = {isa = PBXFileReference; lastKnownFileType = sourcecode.swift; path = "Models:Ingredient.swift"; sourceTree = "<group>"; };
/* End PBXFileReference section */

/* Begin PBXFileSystemSynchronizedBuildFileExceptionSet section */
		1ECD272A2E6701E3009478D7 /* Exceptions for "MunchableApp" folder in "MunchableApp" target */ = {
			isa = PBXFileSystemSynchronizedBuildFileExceptionSet;
			membershipExceptions = (
				Info.plist,
			);
			target = 1ECD26C92E66F092009478D7 /* MunchableApp */;
		};
/* End PBXFileSystemSynchronizedBuildFileExceptionSet section */

/* Begin PBXFileSystemSynchronizedRootGroup section */
		1ECD26CC2E66F092009478D7 /* MunchableApp */ = {
			isa = PBXFileSystemSynchronizedRootGroup;
			exceptions = (
				1ECD272A2E6701E3009478D7 /* Exceptions for "MunchableApp" folder in "MunchableApp" target */,
			);
			path = MunchableApp;
			sourceTree = "<group>";
		};
		1ECD26DA2E66F093009478D7 /* MunchableAppTests */ = {
			isa = PBXFileSystemSynchronizedRootGroup;
			path = MunchableAppTests;
			sourceTree = "<group>";
		};
		1ECD26E42E66F093009478D7 /* MunchableAppUITests */ = {
			isa = PBXFileSystemSynchronizedRootGroup;
			path = MunchableAppUITests;
			sourceTree = "<group>";
		};
/* End PBXFileSystemSynchronizedRootGroup section */

/* Begin PBXFrameworksBuildPhase section */
		1ECD26C72E66F092009478D7 /* Frameworks */ = {
			isa = PBXFrameworksBuildPhase;
			buildActionMask = 2147483647;
			files = (
			);
			runOnlyForDeploymentPostprocessing = 0;
		};
		1ECD26D42E66F093009478D7 /* Frameworks */ = {
			isa = PBXFrameworksBuildPhase;
			buildActionMask = 2147483647;
			files = (
			);
			runOnlyForDeploymentPostprocessing = 0;
		};
		1ECD26DE2E66F093009478D7 /* Frameworks */ = {
			isa = PBXFrameworksBuildPhase;
			buildActionMask = 2147483647;
			files = (
			);
			runOnlyForDeploymentPostprocessing = 0;
		};
/* End PBXFrameworksBuildPhase section */

/* Begin PBXGroup section */
		1ECD26C12E66F092009478D7 = {
			isa = PBXGroup;
			children = (
				1ECD26CC2E66F092009478D7 /* MunchableApp */,
				1ECD27052E66F372009478D7 /* Views */,
				1ECD26E42E66F093009478D7 /* MunchableAppUITests */,
				1ECD26CB2E66F092009478D7 /* Products */,
			);
			sourceTree = "<group>";
		};
		1ECD26CB2E66F092009478D7 /* Products */ = {
			isa = PBXGroup;
			children = (
				1ECD26CA2E66F092009478D7 /* MunchableApp.app */,
				1ECD26D72E66F093009478D7 /* MunchableAppTests.xctest */,
				1ECD26E12E66F093009478D7 /* MunchableAppUITests.xctest */,
			);
			name = Products;
			sourceTree = "<group>";
		};
		1ECD27052E66F372009478D7 /* Views */ = {
			isa = PBXGroup;
			children = (
				1ECD26F52E66F2C6009478D7 /* Splash Screen.swift */,
				1ECD26F72E66F2CF009478D7 /* Onboarding.swift */,
				1ECD26FD2E66F2F1009478D7 /* Make it .swift */,
				1ECD26FB2E66F2E7009478D7 /* LoadingRecipesPage.swift */,
				1ECD27012E66F2FD009478D7 /* ingredientsPaje.swift */,
				1ECD276B2E69F2B2009478D7 /* Models:Ingredient.swift */,
				1ECD27682E69F154009478D7 /* IngredientsScreen.swift */,
				1ECD27032E66F309009478D7 /* CategorysPage.swift */,
				1ECD26FF2E66F2F8009478D7 /* RecipeFromAi.swift */,
				1ECD27072E66F3F0009478D7 /* ViewModels */,
				1ECD26DA2E66F093009478D7 /* MunchableAppTests */,
			);
			path = Views;
			sourceTree = "<group>";
		};
		1ECD27072E66F3F0009478D7 /* ViewModels */ = {
			isa = PBXGroup;
			children = (
				1ECD27512E69F00D009478D7 /* IngredientsStore.swift */,
				1ECD27082E66F459009478D7 /* Services */,
			);
			path = ViewModels;
			sourceTree = "<group>";
		};
		1ECD27082E66F459009478D7 /* Services */ = {
			isa = PBXGroup;
			children = (
				1ECD270D2E66F4B9009478D7 /* APIService.swift */,
				1ECD270B2E66F4B2009478D7 /* KPILogger.swift */,
				1ECD27092E66F4AF009478D7 /* ChatGPTService.swift */,
				1ECD270F2E66F4CC009478D7 /* Resources */,
			);
			path = Services;
			sourceTree = "<group>";
		};
		1ECD270F2E66F4CC009478D7 /* Resources */ = {
			isa = PBXGroup;
			children = (
				1ECD26D12E66F093009478D7 /* Assets.xcassets */,
				1ECD27152E66FDB8009478D7 /* Utilities */,
				1ECD27102E66FD91009478D7 /* Demo */,
			);
			path = Resources;
			sourceTree = "<group>";
		};
		1ECD27102E66FD91009478D7 /* Demo */ = {
			isa = PBXGroup;
			children = (
				1ECD27112E66FDA0009478D7 /* demoVideo.mp4 */,
				1ECD27132E66FDA5009478D7 /* demoVideo2.mp4 */,
			);
			path = Demo;
			sourceTree = "<group>";
		};
		1ECD27152E66FDB8009478D7 /* Utilities */ = {
			isa = PBXGroup;
			children = (
				1ECD27162E66FDF0009478D7 /* Helpers.swift .swift */,
			);
			path = Utilities;
			sourceTree = "<group>";
		};
/* End PBXGroup section */

/* Begin PBXNativeTarget section */
		1ECD26C92E66F092009478D7 /* MunchableApp */ = {
			isa = PBXNativeTarget;
			buildConfigurationList = 1ECD26EB2E66F093009478D7 /* Build configuration list for PBXNativeTarget "MunchableApp" */;
			buildPhases = (
				1ECD26C62E66F092009478D7 /* Sources */,
				1ECD26C72E66F092009478D7 /* Frameworks */,
				1ECD26C82E66F092009478D7 /* Resources */,
			);
			buildRules = (
			);
			dependencies = (
			);
			fileSystemSynchronizedGroups = (
				1ECD26CC2E66F092009478D7 /* MunchableApp */,
			);
			name = MunchableApp;
			packageProductDependencies = (
			);
			productName = MunchableApp;
			productReference = 1ECD26CA2E66F092009478D7 /* MunchableApp.app */;
			productType = "com.apple.product-type.application";
		};
		1ECD26D62E66F093009478D7 /* MunchableAppTests */ = {
			isa = PBXNativeTarget;
			buildConfigurationList = 1ECD26EE2E66F093009478D7 /* Build configuration list for PBXNativeTarget "MunchableAppTests" */;
			buildPhases = (
				1ECD26D32E66F093009478D7 /* Sources */,
				1ECD26D42E66F093009478D7 /* Frameworks */,
				1ECD26D52E66F093009478D7 /* Resources */,
			);
			buildRules = (
			);
			dependencies = (
				1ECD26D92E66F093009478D7 /* PBXTargetDependency */,
			);
			fileSystemSynchronizedGroups = (
				1ECD26DA2E66F093009478D7 /* MunchableAppTests */,
			);
			name = MunchableAppTests;
			packageProductDependencies = (
			);
			productName = MunchableAppTests;
			productReference = 1ECD26D72E66F093009478D7 /* MunchableAppTests.xctest */;
			productType = "com.apple.product-type.bundle.unit-test";
		};
		1ECD26E02E66F093009478D7 /* MunchableAppUITests */ = {
			isa = PBXNativeTarget;
			buildConfigurationList = 1ECD26F12E66F093009478D7 /* Build configuration list for PBXNativeTarget "MunchableAppUITests" */;
			buildPhases = (
				1ECD26DD2E66F093009478D7 /* Sources */,
				1ECD26DE2E66F093009478D7 /* Frameworks */,
				1ECD26DF2E66F093009478D7 /* Resources */,
			);
			buildRules = (
			);
			dependencies = (
				1ECD26E32E66F093009478D7 /* PBXTargetDependency */,
			);
			fileSystemSynchronizedGroups = (
				1ECD26E42E66F093009478D7 /* MunchableAppUITests */,
			);
			name = MunchableAppUITests;
			packageProductDependencies = (
			);
			productName = MunchableAppUITests;
			productReference = 1ECD26E12E66F093009478D7 /* MunchableAppUITests.xctest */;
			productType = "com.apple.product-type.bundle.ui-testing";
		};
/* End PBXNativeTarget section */

/* Begin PBXProject section */
		1ECD26C22E66F092009478D7 /* Project object */ = {
			isa = PBXProject;
			attributes = {
				BuildIndependentTargetsInParallel = 1;
				LastSwiftUpdateCheck = 1640;
				LastUpgradeCheck = 1640;
				TargetAttributes = {
					1ECD26C92E66F092009478D7 = {
						CreatedOnToolsVersion = 16.4;
					};
					1ECD26D62E66F093009478D7 = {
						CreatedOnToolsVersion = 16.4;
						TestTargetID = 1ECD26C92E66F092009478D7;
					};
					1ECD26E02E66F093009478D7 = {
						CreatedOnToolsVersion = 16.4;
						TestTargetID = 1ECD26C92E66F092009478D7;
					};
				};
			};
			buildConfigurationList = 1ECD26C52E66F092009478D7 /* Build configuration list for PBXProject "MunchableApp" */;
			developmentRegion = en;
			hasScannedForEncodings = 0;
			knownRegions = (
				en,
				Base,
				ar,
			);
			mainGroup = 1ECD26C12E66F092009478D7;
			minimizedProjectReferenceProxies = 1;
			preferredProjectObjectVersion = 77;
			productRefGroup = 1ECD26CB2E66F092009478D7 /* Products */;
			projectDirPath = "";
			projectRoot = "";
			targets = (
				1ECD26C92E66F092009478D7 /* MunchableApp */,
				1ECD26D62E66F093009478D7 /* MunchableAppTests */,
				1ECD26E02E66F093009478D7 /* MunchableAppUITests */,
			);
		};
/* End PBXProject section */

/* Begin PBXResourcesBuildPhase section */
		1ECD26C82E66F092009478D7 /* Resources */ = {
			isa = PBXResourcesBuildPhase;
			buildActionMask = 2147483647;
			files = (
				1ECD27122E66FDA0009478D7 /* demoVideo.mp4 in Resources */,
				1ECD26D22E66F093009478D7 /* Assets.xcassets in Resources */,
				1ECD27142E66FDA5009478D7 /* demoVideo2.mp4 in Resources */,
			);
			runOnlyForDeploymentPostprocessing = 0;
		};
		1ECD26D52E66F093009478D7 /* Resources */ = {
			isa = PBXResourcesBuildPhase;
			buildActionMask = 2147483647;
			files = (
			);
			runOnlyForDeploymentPostprocessing = 0;
		};
		1ECD26DF2E66F093009478D7 /* Resources */ = {
			isa = PBXResourcesBuildPhase;
			buildActionMask = 2147483647;
			files = (
			);
			runOnlyForDeploymentPostprocessing = 0;
		};
/* End PBXResourcesBuildPhase section */

/* Begin PBXSourcesBuildPhase section */
		1ECD26C62E66F092009478D7 /* Sources */ = {
			isa = PBXSourcesBuildPhase;
			buildActionMask = 2147483647;
			files = (
				1ECD27252E66FF18009478D7 /* RecipeFromAi.swift in Sources */,
				1ECD27222E66FF07009478D7 /* LoadingRecipesPage.swift in Sources */,
				1ECD271F2E66FEEF009478D7 /* Splash Screen.swift in Sources */,
				1ECD27262E66FF21009478D7 /* APIService.swift in Sources */,
				1ECD27282E66FF2B009478D7 /* ChatGPTService.swift in Sources */,
				1ECD27202E66FEFA009478D7 /* Onboarding.swift in Sources */,
				1ECD27242E66FF13009478D7 /* CategorysPage.swift in Sources */,
				1ECD276D2E69F2B2009478D7 /* Models:Ingredient.swift in Sources */,
				1ECD27232E66FF0C009478D7 /* ingredientsPaje.swift in Sources */,
				1ECD27172E66FDF0009478D7 /* Helpers.swift .swift in Sources */,
				1ECD27212E66FF00009478D7 /* Make it .swift in Sources */,
				1ECD27272E66FF26009478D7 /* KPILogger.swift in Sources */,
				1ECD27692E69F154009478D7 /* IngredientsScreen.swift in Sources */,
				1ECD27532E69F00D009478D7 /* IngredientsStore.swift in Sources */,
			);
			runOnlyForDeploymentPostprocessing = 0;
		};
		1ECD26D32E66F093009478D7 /* Sources */ = {
			isa = PBXSourcesBuildPhase;
			buildActionMask = 2147483647;
			files = (
				1ECD26F82E66F2CF009478D7 /* Onboarding.swift in Sources */,
				1ECD270A2E66F4AF009478D7 /* ChatGPTService.swift in Sources */,
				1ECD27002E66F2F8009478D7 /* RecipeFromAi.swift in Sources */,
				1ECD26FC2E66F2E7009478D7 /* LoadingRecipesPage.swift in Sources */,
				1ECD270E2E66F4B9009478D7 /* APIService.swift in Sources */,
				1ECD26FE2E66F2F1009478D7 /* Make it .swift in Sources */,
				1ECD27042E66F309009478D7 /* CategorysPage.swift in Sources */,
				1ECD270C2E66F4B2009478D7 /* KPILogger.swift in Sources */,
				1ECD26F62E66F2C6009478D7 /* Splash Screen.swift in Sources */,
				1ECD27522E69F00D009478D7 /* IngredientsStore.swift in Sources */,
				1ECD276A2E69F154009478D7 /* IngredientsScreen.swift in Sources */,
				1ECD27022E66F2FD009478D7 /* ingredientsPaje.swift in Sources */,
				1ECD276C2E69F2B2009478D7 /* Models:Ingredient.swift in Sources */,
			);
			runOnlyForDeploymentPostprocessing = 0;
		};
		1ECD26DD2E66F093009478D7 /* Sources */ = {
			isa = PBXSourcesBuildPhase;
			buildActionMask = 2147483647;
			files = (
			);
			runOnlyForDeploymentPostprocessing = 0;
		};
/* End PBXSourcesBuildPhase section */

/* Begin PBXTargetDependency section */
		1ECD26D92E66F093009478D7 /* PBXTargetDependency */ = {
			isa = PBXTargetDependency;
			target = 1ECD26C92E66F092009478D7 /* MunchableApp */;
			targetProxy = 1ECD26D82E66F093009478D7 /* PBXContainerItemProxy */;
		};
		1ECD26E32E66F093009478D7 /* PBXTargetDependency */ = {
			isa = PBXTargetDependency;
			target = 1ECD26C92E66F092009478D7 /* MunchableApp */;
			targetProxy = 1ECD26E22E66F093009478D7 /* PBXContainerItemProxy */;
		};
/* End PBXTargetDependency section */

/* Begin XCBuildConfiguration section */
		1ECD26E92E66F093009478D7 /* Debug */ = {
			isa = XCBuildConfiguration;
			buildSettings = {
				ALWAYS_SEARCH_USER_PATHS = NO;
				ASSETCATALOG_COMPILER_GENERATE_SWIFT_ASSET_SYMBOL_EXTENSIONS = YES;
				CLANG_ANALYZER_NONNULL = YES;
				CLANG_ANALYZER_NUMBER_OBJECT_CONVERSION = YES_AGGRESSIVE;
				CLANG_CXX_LANGUAGE_STANDARD = "gnu++20";
				CLANG_ENABLE_MODULES = YES;
				CLANG_ENABLE_OBJC_ARC = YES;
				CLANG_ENABLE_OBJC_WEAK = YES;
				CLANG_WARN_BLOCK_CAPTURE_AUTORELEASING = YES;
				CLANG_WARN_BOOL_CONVERSION = YES;
				CLANG_WARN_COMMA = YES;
				CLANG_WARN_CONSTANT_CONVERSION = YES;
				CLANG_WARN_DEPRECATED_OBJC_IMPLEMENTATIONS = YES;
				CLANG_WARN_DIRECT_OBJC_ISA_USAGE = YES_ERROR;
				CLANG_WARN_DOCUMENTATION_COMMENTS = YES;
				CLANG_WARN_EMPTY_BODY = YES;
				CLANG_WARN_ENUM_CONVERSION = YES;
				CLANG_WARN_INFINITE_RECURSION = YES;
				CLANG_WARN_INT_CONVERSION = YES;
				CLANG_WARN_NON_LITERAL_NULL_CONVERSION = YES;
				CLANG_WARN_OBJC_IMPLICIT_RETAIN_SELF = YES;
				CLANG_WARN_OBJC_LITERAL_CONVERSION = YES;
				CLANG_WARN_OBJC_ROOT_CLASS = YES_ERROR;
				CLANG_WARN_QUOTED_INCLUDE_IN_FRAMEWORK_HEADER = YES;
				CLANG_WARN_RANGE_LOOP_ANALYSIS = YES;
				CLANG_WARN_STRICT_PROTOTYPES = YES;
				CLANG_WARN_SUSPICIOUS_MOVE = YES;
				CLANG_WARN_UNGUARDED_AVAILABILITY = YES_AGGRESSIVE;
				CLANG_WARN_UNREACHABLE_CODE = YES;
				CLANG_WARN__DUPLICATE_METHOD_MATCH = YES;
				COPY_PHASE_STRIP = NO;
				DEBUG_INFORMATION_FORMAT = dwarf;
				DEVELOPMENT_TEAM = UZ6DLV7BDB;
				ENABLE_STRICT_OBJC_MSGSEND = YES;
				ENABLE_TESTABILITY = YES;
				ENABLE_USER_SCRIPT_SANDBOXING = YES;
				GCC_C_LANGUAGE_STANDARD = gnu17;
				GCC_DYNAMIC_NO_PIC = NO;
				GCC_NO_COMMON_BLOCKS = YES;
				GCC_OPTIMIZATION_LEVEL = 0;
				GCC_PREPROCESSOR_DEFINITIONS = (
					"DEBUG=1",
					"$(inherited)",
				);
				GCC_WARN_64_TO_32_BIT_CONVERSION = YES;
				GCC_WARN_ABOUT_RETURN_TYPE = YES_ERROR;
				GCC_WARN_UNDECLARED_SELECTOR = YES;
				GCC_WARN_UNINITIALIZED_AUTOS = YES_AGGRESSIVE;
				GCC_WARN_UNUSED_FUNCTION = YES;
				GCC_WARN_UNUSED_VARIABLE = YES;
				IPHONEOS_DEPLOYMENT_TARGET = 18.5;
				LOCALIZATION_PREFERS_STRING_CATALOGS = YES;
				MTL_ENABLE_DEBUG_INFO = INCLUDE_SOURCE;
				MTL_FAST_MATH = YES;
				ONLY_ACTIVE_ARCH = YES;
				SDKROOT = iphoneos;
				SWIFT_ACTIVE_COMPILATION_CONDITIONS = "DEBUG $(inherited)";
				SWIFT_OPTIMIZATION_LEVEL = "-Onone";
			};
			name = Debug;
		};
		1ECD26EA2E66F093009478D7 /* Release */ = {
			isa = XCBuildConfiguration;
			buildSettings = {
				ALWAYS_SEARCH_USER_PATHS = NO;
				ASSETCATALOG_COMPILER_GENERATE_SWIFT_ASSET_SYMBOL_EXTENSIONS = YES;
				CLANG_ANALYZER_NONNULL = YES;
				CLANG_ANALYZER_NUMBER_OBJECT_CONVERSION = YES_AGGRESSIVE;
				CLANG_CXX_LANGUAGE_STANDARD = "gnu++20";
				CLANG_ENABLE_MODULES = YES;
				CLANG_ENABLE_OBJC_ARC = YES;
				CLANG_ENABLE_OBJC_WEAK = YES;
				CLANG_WARN_BLOCK_CAPTURE_AUTORELEASING = YES;
				CLANG_WARN_BOOL_CONVERSION = YES;
				CLANG_WARN_COMMA = YES;
				CLANG_WARN_CONSTANT_CONVERSION = YES;
				CLANG_WARN_DEPRECATED_OBJC_IMPLEMENTATIONS = YES;
				CLANG_WARN_DIRECT_OBJC_ISA_USAGE = YES_ERROR;
				CLANG_WARN_DOCUMENTATION_COMMENTS = YES;
				CLANG_WARN_EMPTY_BODY = YES;
				CLANG_WARN_ENUM_CONVERSION = YES;
				CLANG_WARN_INFINITE_RECURSION = YES;
				CLANG_WARN_INT_CONVERSION = YES;
				CLANG_WARN_NON_LITERAL_NULL_CONVERSION = YES;
				CLANG_WARN_OBJC_IMPLICIT_RETAIN_SELF = YES;
				CLANG_WARN_OBJC_LITERAL_CONVERSION = YES;
				CLANG_WARN_OBJC_ROOT_CLASS = YES_ERROR;
				CLANG_WARN_QUOTED_INCLUDE_IN_FRAMEWORK_HEADER = YES;
				CLANG_WARN_RANGE_LOOP_ANALYSIS = YES;
				CLANG_WARN_STRICT_PROTOTYPES = YES;
				CLANG_WARN_SUSPICIOUS_MOVE = YES;
				CLANG_WARN_UNGUARDED_AVAILABILITY = YES_AGGRESSIVE;
				CLANG_WARN_UNREACHABLE_CODE = YES;
				CLANG_WARN__DUPLICATE_METHOD_MATCH = YES;
				COPY_PHASE_STRIP = NO;
				DEBUG_INFORMATION_FORMAT = "dwarf-with-dsym";
				DEVELOPMENT_TEAM = UZ6DLV7BDB;
				ENABLE_NS_ASSERTIONS = NO;
				ENABLE_STRICT_OBJC_MSGSEND = YES;
				ENABLE_USER_SCRIPT_SANDBOXING = YES;
				GCC_C_LANGUAGE_STANDARD = gnu17;
				GCC_NO_COMMON_BLOCKS = YES;
				GCC_WARN_64_TO_32_BIT_CONVERSION = YES;
				GCC_WARN_ABOUT_RETURN_TYPE = YES_ERROR;
				GCC_WARN_UNDECLARED_SELECTOR = YES;
				GCC_WARN_UNINITIALIZED_AUTOS = YES_AGGRESSIVE;
				GCC_WARN_UNUSED_FUNCTION = YES;
				GCC_WARN_UNUSED_VARIABLE = YES;
				IPHONEOS_DEPLOYMENT_TARGET = 18.5;
				LOCALIZATION_PREFERS_STRING_CATALOGS = YES;
				MTL_ENABLE_DEBUG_INFO = NO;
				MTL_FAST_MATH = YES;
				SDKROOT = iphoneos;
				SWIFT_COMPILATION_MODE = wholemodule;
				VALIDATE_PRODUCT = YES;
			};
			name = Release;
		};
		1ECD26EC2E66F093009478D7 /* Debug */ = {
			isa = XCBuildConfiguration;
			buildSettings = {
				ASSETCATALOG_COMPILER_APPICON_NAME = AppIcon;
				ASSETCATALOG_COMPILER_GLOBAL_ACCENT_COLOR_NAME = AccentColor;
				CODE_SIGN_STYLE = Automatic;
				CURRENT_PROJECT_VERSION = 1;
				DEVELOPMENT_TEAM = UZ6DLV7BDB;
				ENABLE_PREVIEWS = YES;
				GENERATE_INFOPLIST_FILE = YES;
				INFOPLIST_FILE = MunchableApp/Info.plist;
				INFOPLIST_KEY_UIApplicationSceneManifest_Generation = YES;
				INFOPLIST_KEY_UIApplicationSupportsIndirectInputEvents = YES;
				INFOPLIST_KEY_UILaunchScreen_Generation = YES;
				INFOPLIST_KEY_UISupportedInterfaceOrientations_iPad = "UIInterfaceOrientationPortrait UIInterfaceOrientationPortraitUpsideDown UIInterfaceOrientationLandscapeLeft UIInterfaceOrientationLandscapeRight";
				INFOPLIST_KEY_UISupportedInterfaceOrientations_iPhone = "UIInterfaceOrientationPortrait UIInterfaceOrientationLandscapeLeft UIInterfaceOrientationLandscapeRight";
				LD_RUNPATH_SEARCH_PATHS = (
					"$(inherited)",
					"@executable_path/Frameworks",
				);
				MARKETING_VERSION = 1.0;
				PRODUCT_BUNDLE_IDENTIFIER = non.MunchableApp;
				PRODUCT_NAME = "$(TARGET_NAME)";
				SWIFT_EMIT_LOC_STRINGS = YES;
				SWIFT_VERSION = 5.0;
				TARGETED_DEVICE_FAMILY = "1,2";
			};
			name = Debug;
		};
		1ECD26ED2E66F093009478D7 /* Release */ = {
			isa = XCBuildConfiguration;
			buildSettings = {
				ASSETCATALOG_COMPILER_APPICON_NAME = AppIcon;
				ASSETCATALOG_COMPILER_GLOBAL_ACCENT_COLOR_NAME = AccentColor;
				CODE_SIGN_STYLE = Automatic;
				CURRENT_PROJECT_VERSION = 1;
				DEVELOPMENT_TEAM = UZ6DLV7BDB;
				ENABLE_PREVIEWS = YES;
				GENERATE_INFOPLIST_FILE = YES;
				INFOPLIST_FILE = MunchableApp/Info.plist;
				INFOPLIST_KEY_UIApplicationSceneManifest_Generation = YES;
				INFOPLIST_KEY_UIApplicationSupportsIndirectInputEvents = YES;
				INFOPLIST_KEY_UILaunchScreen_Generation = YES;
				INFOPLIST_KEY_UISupportedInterfaceOrientations_iPad = "UIInterfaceOrientationPortrait UIInterfaceOrientationPortraitUpsideDown UIInterfaceOrientationLandscapeLeft UIInterfaceOrientationLandscapeRight";
				INFOPLIST_KEY_UISupportedInterfaceOrientations_iPhone = "UIInterfaceOrientationPortrait UIInterfaceOrientationLandscapeLeft UIInterfaceOrientationLandscapeRight";
				LD_RUNPATH_SEARCH_PATHS = (
					"$(inherited)",
					"@executable_path/Frameworks",
				);
				MARKETING_VERSION = 1.0;
				PRODUCT_BUNDLE_IDENTIFIER = non.MunchableApp;
				PRODUCT_NAME = "$(TARGET_NAME)";
				SWIFT_EMIT_LOC_STRINGS = YES;
				SWIFT_VERSION = 5.0;
				TARGETED_DEVICE_FAMILY = "1,2";
			};
			name = Release;
		};
		1ECD26EF2E66F093009478D7 /* Debug */ = {
			isa = XCBuildConfiguration;
			buildSettings = {
				BUNDLE_LOADER = "$(TEST_HOST)";
				CODE_SIGN_STYLE = Automatic;
				CURRENT_PROJECT_VERSION = 1;
				DEVELOPMENT_TEAM = UZ6DLV7BDB;
				GENERATE_INFOPLIST_FILE = YES;
				IPHONEOS_DEPLOYMENT_TARGET = 18.5;
				MARKETING_VERSION = 1.0;
				PRODUCT_BUNDLE_IDENTIFIER = non.MunchableAppTests;
				PRODUCT_NAME = "$(TARGET_NAME)";
				SWIFT_EMIT_LOC_STRINGS = NO;
				SWIFT_VERSION = 5.0;
				TARGETED_DEVICE_FAMILY = "1,2";
				TEST_HOST = "$(BUILT_PRODUCTS_DIR)/MunchableApp.app/$(BUNDLE_EXECUTABLE_FOLDER_PATH)/MunchableApp";
			};
			name = Debug;
		};
		1ECD26F02E66F093009478D7 /* Release */ = {
			isa = XCBuildConfiguration;
			buildSettings = {
				BUNDLE_LOADER = "$(TEST_HOST)";
				CODE_SIGN_STYLE = Automatic;
				CURRENT_PROJECT_VERSION = 1;
				DEVELOPMENT_TEAM = UZ6DLV7BDB;
				GENERATE_INFOPLIST_FILE = YES;
				IPHONEOS_DEPLOYMENT_TARGET = 18.5;
				MARKETING_VERSION = 1.0;
				PRODUCT_BUNDLE_IDENTIFIER = non.MunchableAppTests;
				PRODUCT_NAME = "$(TARGET_NAME)";
				SWIFT_EMIT_LOC_STRINGS = NO;
				SWIFT_VERSION = 5.0;
				TARGETED_DEVICE_FAMILY = "1,2";
				TEST_HOST = "$(BUILT_PRODUCTS_DIR)/MunchableApp.app/$(BUNDLE_EXECUTABLE_FOLDER_PATH)/MunchableApp";
			};
			name = Release;
		};
		1ECD26F22E66F093009478D7 /* Debug */ = {
			isa = XCBuildConfiguration;
			buildSettings = {
				CODE_SIGN_STYLE = Automatic;
				CURRENT_PROJECT_VERSION = 1;
				DEVELOPMENT_TEAM = UZ6DLV7BDB;
				GENERATE_INFOPLIST_FILE = YES;
				MARKETING_VERSION = 1.0;
				PRODUCT_BUNDLE_IDENTIFIER = non.MunchableAppUITests;
				PRODUCT_NAME = "$(TARGET_NAME)";
				SWIFT_EMIT_LOC_STRINGS = NO;
				SWIFT_VERSION = 5.0;
				TARGETED_DEVICE_FAMILY = "1,2";
				TEST_TARGET_NAME = MunchableApp;
			};
			name = Debug;
		};
		1ECD26F32E66F093009478D7 /* Release */ = {
			isa = XCBuildConfiguration;
			buildSettings = {
				CODE_SIGN_STYLE = Automatic;
				CURRENT_PROJECT_VERSION = 1;
				DEVELOPMENT_TEAM = UZ6DLV7BDB;
				GENERATE_INFOPLIST_FILE = YES;
				MARKETING_VERSION = 1.0;
				PRODUCT_BUNDLE_IDENTIFIER = non.MunchableAppUITests;
				PRODUCT_NAME = "$(TARGET_NAME)";
				SWIFT_EMIT_LOC_STRINGS = NO;
				SWIFT_VERSION = 5.0;
				TARGETED_DEVICE_FAMILY = "1,2";
				TEST_TARGET_NAME = MunchableApp;
			};
			name = Release;
		};
/* End XCBuildConfiguration section */

/* Begin XCConfigurationList section */
		1ECD26C52E66F092009478D7 /* Build configuration list for PBXProject "MunchableApp" */ = {
			isa = XCConfigurationList;
			buildConfigurations = (
				1ECD26E92E66F093009478D7 /* Debug */,
				1ECD26EA2E66F093009478D7 /* Release */,
			);
			defaultConfigurationIsVisible = 0;
			defaultConfigurationName = Release;
		};
		1ECD26EB2E66F093009478D7 /* Build configuration list for PBXNativeTarget "MunchableApp" */ = {
			isa = XCConfigurationList;
			buildConfigurations = (
				1ECD26EC2E66F093009478D7 /* Debug */,
				1ECD26ED2E66F093009478D7 /* Release */,
			);
			defaultConfigurationIsVisible = 0;
			defaultConfigurationName = Release;
		};
		1ECD26EE2E66F093009478D7 /* Build configuration list for PBXNativeTarget "MunchableAppTests" */ = {
			isa = XCConfigurationList;
			buildConfigurations = (
				1ECD26EF2E66F093009478D7 /* Debug */,
				1ECD26F02E66F093009478D7 /* Release */,
			);
			defaultConfigurationIsVisible = 0;
			defaultConfigurationName = Release;
		};
		1ECD26F12E66F093009478D7 /* Build configuration list for PBXNativeTarget "MunchableAppUITests" */ = {
			isa = XCConfigurationList;
			buildConfigurations = (
				1ECD26F22E66F093009478D7 /* Debug */,
				1ECD26F32E66F093009478D7 /* Release */,
			);
			defaultConfigurationIsVisible = 0;
			defaultConfigurationName = Release;
		};
/* End XCConfigurationList section */
	};
	rootObject = 1ECD26C22E66F092009478D7 /* Project object */;
}
